# @generated by Move, please check-in and do not edit manually.

[move]
version = 2
manifest_digest = "D05EA7D88A2AD0E68CBB529E7A84B4D17B696305E7EC013A50E00F44A0F90EBD"
deps_digest = "F8BBB0CCB2491CA29A3DF03D6F92277A4F3574266507ACD77214D37ECA3F3082"
dependencies = [
  { name = "Sui" },
]

[[move.package]]
name = "MoveStdlib"
source = { git = "https://github.com/MystenLabs/sui.git", rev = "framework/testnet", subdir = "crates/sui-framework/packages/move-stdlib" }

[[move.package]]
name = "Sui"
source = { git = "https://github.com/MystenLabs/sui.git", rev = "framework/testnet", subdir = "crates/sui-framework/packages/sui-framework" }

dependencies = [
  { name = "MoveStdlib" },
]

[move.toolchain-version]
compiler-version = "1.26.0"
edition = "2024.beta"
flavor = "sui"

[env]

[env.testnet]
chain-id = "4c78adac"
original-published-id = "0x47969dab2f69fbae046c2b6c9bf1aa69b2be56a4252b5d096e36fec9338831f6"
latest-published-id = "0x47969dab2f69fbae046c2b6c9bf1aa69b2be56a4252b5d096e36fec9338831f6"
published-version = "1"
