# @generated by Move, please check-in and do not edit manually.

[move]
version = 2
manifest_digest = "84712DA2E139AE57B2497E3779017888E6C016EB5E9EAD738898298BEED0761D"
deps_digest = "F8BBB0CCB2491CA29A3DF03D6F92277A4F3574266507ACD77214D37ECA3F3082"
dependencies = [
  { name = "Sui" },
]

[[move.package]]
name = "MoveStdlib"
source = { git = "https://github.com/MystenLabs/sui.git", rev = "framework/testnet", subdir = "crates/sui-framework/packages/move-stdlib" }

[[move.package]]
name = "Sui"
source = { git = "https://github.com/MystenLabs/sui.git", rev = "framework/testnet", subdir = "crates/sui-framework/packages/sui-framework" }

dependencies = [
  { name = "MoveStdlib" },
]

[move.toolchain-version]
compiler-version = "1.26.0"
edition = "2024.beta"
flavor = "sui"

[env]

[env.testnet]
chain-id = "4c78adac"
original-published-id = "0x47969dab2f69fbae046c2b6c9bf1aa69b2be56a4252b5d096e36fec9338831f6"
latest-published-id = "0x47969dab2f69fbae046c2b6c9bf1aa69b2be56a4252b5d096e36fec9338831f6"
published-version = "1"

[env.devnet]
chain-id = "bd665407"
original-published-id = "0xdb47a231733a35d76b5df5e624635db1d5ccc50bf2a40b1420c03e925463d1cb"
latest-published-id = "0xdb47a231733a35d76b5df5e624635db1d5ccc50bf2a40b1420c03e925463d1cb"
published-version = "1"
